{
  "name": "excellence-allegiance",
  "version": "0.0.0",
  "lockfileVersion": 3,
  "requires": true,
  "packages": {
    "": {
      "name": "excellence-allegiance",
      "version": "0.0.0",
      "dependencies": {
        "react": "^18.2.0",
        "react-dom": "^18.2.0",
        "react-router-dom": "^6.8.0"
      },
      "devDependencies": {
        "@types/react": "^18.2.0",
        "@types/react-dom": "^18.2.0",
        "@vitejs/plugin-react": "^4.2.0",
        "autoprefixer": "^10.4.0",
        "eslint": "^8.55.0",
        "eslint-plugin-react": "^7.33.0",
        "eslint-plugin-react-hooks": "^4.6.0",
        "eslint-plugin-react-refresh": "^0.4.0",
        "postcss": "^8.4.0",
        "tailwindcss": "^3.4.0",
        "vite": "^5.0.0"
      }
    },
    "node_modules/react": {
      "version": "18.3.1",
      "resolved": "https://registry.npmjs.org/react/-/react-18.3.1.tgz",
      "integrity": "sha512-wS+hAgJShR0KhSMvbJ0hA4/SGbu5vjqoAAIfga9BmXEzyFp1U+hHewILozmjnminded2aEqqfy2ho0Je55dMHkw==",
      "license": "MIT",
      "dependencies": {
        "loose-envify": "^1.1.0"
      },
      "engines": {
        "node": ">=0.10.0"
      }
    },
    "node_modules/react-dom": {
      "version": "18.3.1",
      "resolved": "https://registry.npmjs.org/react-dom/-/react-dom-18.3.1.tgz",
      "integrity": "sha512-wU1sKMkzTPH4s1yXSHEpY1xmf4EXrT7r7YEwL3XyP1hkLHlb6McsQEQILIL/cWpNXNEugQPdQ0t1Yp/zQtl6Jw==",
      "license": "MIT",
      "dependencies": {
        "loose-envify": "^1.1.0",
        "scheduler": "^0.25.0"
      },
      "peerDependencies": {
        "react": "^18.3.0"
      }
    },
    "node_modules/react-router-dom": {
      "version": "6.30.2",
      "resolved": "https://registry.npmjs.org/react-router-dom/-/react-router-dom-6.30.2.tgz",
      "integrity": "sha512-I6q/keKvS41/qPV9Vll4HKwV0Yd8rN5yDyO9SBL7M+1O6GFRjrh+IcVFaZJJPPL8F5UPL0g1fQlpJVx8dJzWA==",
      "license": "MIT",
      "dependencies": {
        "@remix-run/router": "^1.20.0"
      },
      "engines": {
        "node": ">=14.0.0"
      },
      "peerDependencies": {
        "react": ">=16.8",
        "react-dom": ">=16.8"
      }
    },
    "node_modules/@remix-run/router": {
      "version": "1.20.0",
      "resolved": "https://registry.npmjs.org/@remix-run/router/-/router-1.20.0.tgz",
      "integrity": "sha512-mQ6L8kTY5mxKGgP1fJtq3YVJPSo9qqWlOJAVj4S3H7TgH8rXIeJTI/7N6QHRlLwdvXvCNWOJ6yxY0/M5zUvAA==",
      "license": "MIT",
      "engines": {
        "node": ">=14.0.0"
      }
    },
    "node_modules/loose-envify": {
      "version": "1.4.0",
      "resolved": "https://registry.npmjs.org/loose-envify/-/loose-envify-1.4.0.tgz",
      "integrity": "sha512-lyuxPGr/wvjksqPjxP7m9YwYnSc3z/NeChXhVKzjH7qdFY0Zycc9n0l28dXH2QZ+Vo7eRvJqvXi5cE/r8L7qg==",
      "license": "MIT",
      "dependencies": {
        "js-tokens": "^3.0.0 || ^4.0.0"
      },
      "bin": {
        "loose-envify": "cli.js"
      }
    },
    "node_modules/js-tokens": {
      "version": "4.0.0",
      "resolved": "https://registry.npmjs.org/js-tokens/-/js-tokens-4.0.0.tgz",
      "integrity": "sha512-RdJUflcQPUKUySnm6FIuInKwIq5PRID3dqOAZr2fB+qZGrk9seFzYUC4+K+GdHLa0eZVchJ1+TN3YPXZT8Nwg==",
      "license": "MIT"
    },
    "node_modules/scheduler": {
      "version": "0.25.0",
      "resolved": "https://registry.npmjs.org/scheduler/-/scheduler-0.25.0.tgz",
      "integrity": "sha512-9QvkREm2d+DwqkV3MYP5i0G9KwySHc0Ftr7CP3cXCVVSL2xQ6d7ZTG8xMw4ayH7OX5wQGLxNQFjRwI0KwR5odw==",
      "license": "MIT",
      "dependencies": {
        "loose-envify": "^1.1.0"
      }
    },
    "node_modules/@types/react": {
      "version": "18.3.27",
      "resolved": "https://registry.npmjs.org/@types/react/-/react-18.3.27.tgz",
      "integrity": "sha512-cisd7gxkzjBKU2GgdYrTdtQx1SORymWyaAFhaxQPK9bYO9ot3Y5OikQRvY0VYQtvwjeQnizCINJAenh/V7MK2w==",
      "dev": true,
      "license": "MIT",
      "peer": true,
      "dependencies": {
        "@types/prop-types": "*",
        "csstype": "^3.2.2"
      }
    },
    "node_modules/@types/prop-types": {
      "version": "15.7.15",
      "resolved": "https://registry.npmjs.org/@types/prop-types/-/prop-types-15.7.15.tgz",
      "integrity": "sha512-F6bEyamV9jKGAFBEmlQnesRPGOQqS2+Uwi0Em15xenOxHaf2hv6L8YCVn3rPdPJOiJfPiCnLIRyvwVaqMY3MIw==",
      "dev": true,
      "license": "MIT"
    },
    "node_modules/csstype": {
      "version": "3.2.3",
      "resolved": "https://registry.npmjs.org/csstype/-/csstype-3.2.3.tgz",
      "integrity": "sha512-z1HGKcYy2xA8AGQfwrn0PAy+PB7X/GSj3UVJW9qKyn43xWa+gl5nXmU4qqLMRzWVLFC8KusUX8T/0kCiOYpAIQ==",
      "dev": true,
      "license": "MIT"
    },
    "node_modules/@types/react-dom": {
      "version": "18.3.7",
      "resolved": "https://registry.npmjs.org/@types/react-dom/-/react-dom-18.3.7.tgz",
      "integrity": "sha512-MEe3UeoENYVFXzoXEWsvcpg6ZvlrFNlOQ7EOsvhI3CfAXwzPfO8Qwuxd40nepsYKqyyVQnTdEfv68q91yLcKrQ==",
      "dev": true,
      "license": "MIT",
      "peerDependencies": {
        "@types/react": "^18.0.0"
      }
    },
    "node_modules/vite": {
      "version": "5.4.21",
      "resolved": "https://registry.npmjs.org/vite/-/vite-5.4.21.tgz",
      "integrity": "sha512-YI/yPO0fJCPT3yyZdcJnJLN8Jc+eNnfnrVDxXUSl7c3ILJWnXzZO4C0YqNyLQQ2lKamxgJ3s9n80F0S5qEaIKg==",
      "dev": true,
      "license": "MIT",
      "dependencies": {
        "esbuild": "^0.21.3",
        "postcss": "^8.4.43",
        "rollup": "^4.13.0"
      },
      "bin": {
        "vite": "bin/vite.js"
      },
      "engines": {
        "node": "^18.0.0 || >=20.0.0"
      },
      "funding": {
        "url": "https://github.com/sponsors/yyx990803"
      }
    },
    "node_modules/esbuild": {
      "version": "0.21.5",
      "resolved": "https://registry.npmjs.org/esbuild/-/esbuild-0.21.5.tgz",
      "integrity": "sha512-mg3OPMV4hXywwpoDxu3Qda5xCKQi+vCTZq8S9J/EpkhB2HzKXq4SNFZE3+NK93JYxc8VMSep+lOUSC/RVKaBqw==",
      "dev": true,
      "hasInstallScript": true,
      "license": "MIT",
      "bin": {
        "esbuild": "bin/esbuild"
      },
      "engines": {
        "node": ">=12"
      }
    },
    "node_modules/postcss": {
      "version": "8.5.6",
      "resolved": "https://registry.npmjs.org/postcss/-/postcss-8.5.6.tgz",
      "integrity": "sha512-OBf+MQu9Js60sDL+/j0uMcejgMFzRHU0dKI+NlghBUmxYI+iBh+j4qB9kkNwPsS/jIyNr3T9pQSpVJbxf3HJ7g==",
      "dev": true,
      "funding": [
        {
          "type": "opencollective",
          "url": "https://opencollective.com/postcss/"
        },
        {
          "type": "tidelift",
          "url": "https://tidelift.com/funding/github/npm/postcss"
        }
      ],
      "license": "MIT",
      "dependencies": {
        "nanoid": "^3.3.7",
        "picocolors": "^1.1.1",
        "source-map-js": "^1.2.1"
      },
      "engines": {
        "node": "^10 || ^12 || >=14"
      }
    },
    "node_modules/nanoid": {
      "version": "3.3.8",
      "resolved": "https://registry.npmjs.org/nanoid/-/nanoid-3.3.8.tgz",
      "integrity": "sha512-WNLvPHG541nFulmLvKqLP5vTRvY7+KN2lqiPqHhC0mpCbDf5kqKqd+I4118y2csKlX9+ecb7kEQYszületyNccA==",
      "dev": true,
      "license": "MIT",
      "bin": {
        "nanoid": "bin/nanoid.js"
      },
      "engines": {
        "node": "^10 || ^12 || ^13.7 || ^14 || >=15.0.1"
      }
    },
    "node_modules/picocolors": {
      "version": "1.1.1",
      "resolved": "https://registry.npmjs.org/picocolors/-/picocolors-1.1.1.tgz",
      "integrity": "sha512-xceUvD3gh6J6CvW+ggNco/ffs4S/4CapbWoMaKpZdqxC7C2nQCqHKA2BK8ZCe33q11mdqdRiom9+NqtSv97SNw==",
      "dev": true,
      "license": "ISC"
    },
    "node_modules/source-map-js": {
      "version": "1.2.1",
      "resolved": "https://registry.npmjs.org/source-map-js/-/source-map-js-1.2.1.tgz",
      "integrity": "sha512-UXWMKhLUtfqHVmuVCMERmhN8aeU+8cxqT63E2LLsUWfA1Y75XHIzQstI6YQMZia/SVsMeuoRxWeyF+fs/iNrWg==",
      "dev": true,
      "license": "BSD-3-Clause",
      "engines": {
        "node": ">=0.10.0"
      }
    },
    "node_modules/rollup": {
      "version": "4.53.3",
      "resolved": "https://registry.npmjs.org/rollup/-/rollup-4.53.3.tgz",
      "integrity": "sha512-/2QEbuq/LnwzL8jEGn9nVMi0N0XmKD9UKxdUvJdWZ/vLSC3REGaYxR4xPZACLmlf3tWamW+z7m2tCARJ6HMIkA==",
      "dev": true,
      "license": "MIT",
      "bin": {
        "rollup": "dist/bin/rollup"
      },
      "engines": {
        "node": ">=18.0.0",
        "npm": ">=8.0.0"
      }
    },
    "node_modules/@types/estree": {
      "version": "1.0.8",
      "resolved": "https://registry.npmjs.org/@types/estree/-/estree-1.0.8.tgz",
      "integrity": "sha512-dWHzHa2WqEXI/O1E9OjrocMTKJl2mSrEolh1Iomrv6U+JuNwaHXsXx9bLu5gG7BUWFIN0skIQJQ/L1rIex4X6w==",
      "dev": true,
      "license": "MIT"
    },
    "node_modules/@vitejs/plugin-react": {
      "version": "4.7.0",
      "resolved": "https://registry.npmjs.org/@vitejs/plugin-react/-/plugin-react-4.7.0.tgz",
      "integrity": "sha512-gUu9hwfWvvEDBBmgtAowQCojwZmJ5mcLn3aufeCsitijs3+f2NsrPtlAWIR6OPiqljl96GVCUbLe0HyqIpVaoA==",
      "dev": true,
      "license": "MIT",
      "engines": {
        "node": "^14.18.0 || >=16.0.0"
      },
      "peerDependencies": {
        "vite": "^4.2.0 || ^5.0.0 || ^6.0.0 || ^7.0.0"
      }
    },
    "node_modules/autoprefixer": {
      "version": "10.4.22",
      "resolved": "https://registry.npmjs.org/autoprefixer/-/autoprefixer-10.4.22.tgz",
      "integrity": "sha512-ARe0v/t9gO28Bznv6GgqARmVqcWOV3mfgUPn9becPHMiD3o9BwlRgaeccZnwTpZ7Zwqrm+c1sUSsMxIzQzc8Xg==",
      "dev": true,
      "license": "MIT",
      "bin": {
        "autoprefixer": "bin/autoprefixer"
      },
      "engines": {
        "node": "^10 || ^12 || >=14"
      },
      "peerDependencies": {
        "postcss": "^8.1.0"
      }
    },
    "node_modules/tailwindcss": {
      "version": "3.4.18",
      "resolved": "https://registry.npmjs.org/tailwindcss/-/tailwindcss-3.4.18.tgz",
      "integrity": "sha512-G3R53bxlsQ1MJ6X6UXFaWVWV9jSHIB/LhhSJd48NJsYPxNFDDnVu43HjVW+PVwXGN7Ng7MaFNfJP2p/Ei6hfYg==",
      "dev": true,
      "license": "MIT",
      "bin": {
        "tailwind": "lib/cli.js",
        "tailwindcss": "lib/cli.js"
      },
      "engines": {
        "node": ">=14.0"
      },
      "funding": {
        "type": "opencollective",
        "url": "https://opencollective.com/tailwindcss"
      }
    },
    "node_modules/eslint": {
      "version": "8.55.0",
      "resolved": "https://registry.npmjs.org/eslint/-/eslint-8.55.0.tgz",
      "integrity": "sha512-iyUUAuaSMRkbRvwFl6jRP3Z8JYCP84b8GSMnge2eosnVIYNj1MVBJBJ2W1SzYJDHdnCPgPQUIV+QyIkMxZALEg==",
      "dev": true,
      "license": "MIT",
      "peer": true,
      "bin": {
        "eslint": "bin/eslint.js"
      },
      "engines": {
        "node": "^12.22.0 || ^14.17.0 || >=16.0.0"
      },
      "funding": {
        "url": "https://opencollective.com/eslint"
      }
    },
    "node_modules/eslint-plugin-react": {
      "version": "7.37.5",
      "resolved": "https://registry.npmjs.org/eslint-plugin-react/-/eslint-plugin-react-7.37.5.tgz",
      "integrity": "sha512-Qteup0SqU15kdocexFNAJMvCJEfa2xUKNV4CC1xsVMrIIqEy3SQ/rqyxCWNzfrd3/ldy6HMlD2e0JDVpDg2qIA==",
      "dev": true,
      "license": "MIT",
      "peerDependencies": {
        "eslint": "^3.0.0 || ^4.0.0 || ^5.0.0 || ^6.0.0 || ^7.0.0 || ^8.0.0"
      }
    },
    "node_modules/eslint-plugin-react-hooks": {
      "version": "4.6.2",
      "resolved": "https://registry.npmjs.org/eslint-plugin-react-hooks/-/eslint-plugin-react-hooks-4.6.2.tgz",
      "integrity": "sha512-QzliNJq4GinFhuC4IoK2iUF2gNqo56B9sI00qHQDc2kNA3dME8LTQroQ8B/Z+af5BIN/1ahsNwGcXEBvPrKA1Q==",
      "dev": true,
      "license": "MIT",
      "peerDependencies": {
        "eslint": "^3.0.0 || ^4.0.0 || ^5.0.0 || ^6.0.0 || ^7.0.0 || ^8.0.0"
      }
    },
    "node_modules/eslint-plugin-react-refresh": {
      "version": "0.4.12",
      "resolved": "https://registry.npmjs.org/eslint-plugin-react-refresh/-/eslint-plugin-react-refresh-0.4.12.tgz",
      "integrity": "sha512-9Kb/WKc3eUeZHx6cKHv/F3WvTZCJnJXn+ZkH1D0Uqmce2lGP1EKl/DmhKaPhNX4u3kKZXTtWfqqp+e+r+qZDg==",
      "dev": true,
      "license": "MIT",
      "peerDependencies": {
        "eslint": ">=7"
      }
    }
  }
}
